
Microsoft Visual Studio Solution File, Format Version 12.00
# Visual Studio Version 16
VisualStudioVersion = 16.0.30717.126
MinimumVisualStudioVersion = 10.0.40219.1
Project("{FAE04EC0-301F-11D3-BF4B-00C04F79EFBC}") = "OdeToFood", "OdeToFood\OdeToFood.csproj", "{AC9FE495-BD58-4943-AF9B-29C8AB633968}"
EndProject
Project("{FAE04EC0-301F-11D3-BF4B-00C04F79EFBC}") = "OdeToFood.Core", "OdeToFood.Core\OdeToFood.Core.csproj", "{97E9B629-2DED-4B6B-9D1B-9CD914A6EC6F}"
EndProject
Project("{FAE04EC0-301F-11D3-BF4B-00C04F79EFBC}") = "OdeToFood.Data", "OdeToFood.Data\OdeToFood.Data.csproj", "{27873B77-D18B-43B5-B062-DFE7F9E41E33}"
EndProject
Global
	GlobalSection(SolutionConfigurationPlatforms) = preSolution
		Debug|Any CPU = Debug|Any CPU
		Release|Any CPU = Release|Any CPU
	EndGlobalSection
	GlobalSection(ProjectConfigurationPlatforms) = postSolution
		{AC9FE495-BD58-4943-AF9B-29C8AB633968}.Debug|Any CPU.ActiveCfg = Debug|Any CPU
		{AC9FE495-BD58-4943-AF9B-29C8AB633968}.Debug|Any CPU.Build.0 = Debug|Any CPU
		{AC9FE495-BD58-4943-AF9B-29C8AB633968}.Release|Any CPU.ActiveCfg = Release|Any CPU
		{AC9FE495-BD58-4943-AF9B-29C8AB633968}.Release|Any CPU.Build.0 = Release|Any CPU
		{97E9B629-2DED-4B6B-9D1B-9CD914A6EC6F}.Debug|Any CPU.ActiveCfg = Debug|Any CPU
		{97E9B629-2DED-4B6B-9D1B-9CD914A6EC6F}.Debug|Any CPU.Build.0 = Debug|Any CPU
		{97E9B629-2DED-4B6B-9D1B-9CD914A6EC6F}.Release|Any CPU.ActiveCfg = Release|Any CPU
		{97E9B629-2DED-4B6B-9D1B-9CD914A6EC6F}.Release|Any CPU.Build.0 = Release|Any CPU
		{27873B77-D18B-43B5-B062-DFE7F9E41E33}.Debug|Any CPU.ActiveCfg = Debug|Any CPU
		{27873B77-D18B-43B5-B062-DFE7F9E41E33}.Debug|Any CPU.Build.0 = Debug|Any CPU
		{27873B77-D18B-43B5-B062-DFE7F9E41E33}.Release|Any CPU.ActiveCfg = Release|Any CPU
		{27873B77-D18B-43B5-B062-DFE7F9E41E33}.Release|Any CPU.Build.0 = Release|Any CPU
	EndGlobalSection
	GlobalSection(SolutionProperties) = preSolution
		HideSolutionNode = FALSE
	EndGlobalSection
	GlobalSection(ExtensibilityGlobals) = postSolution
		SolutionGuid = {14670648-1CEC-4DD9-AEAF-56CFF6E7298C}
	EndGlobalSection
EndGlobal
